
Microsoft Visual Studio Solution File, Format Version 12.00
# Visual Studio Version 17
VisualStudioVersion = 17.6.33801.468
MinimumVisualStudioVersion = 10.0.40219.1
Project("{9A19103F-16F7-4668-BE54-9A1E7A4F7556}") = "PlusMinus", "PlusMinus\PlusMinus.csproj", "{068058C6-CFC6-4F16-AD4F-646DBB1BCC72}"
EndProject
Project("{FAE04EC0-301F-11D3-BF4B-00C04F79EFBC}") = "MiniMaxSum", "MiniMaxSum\MiniMaxSum.csproj", "{3B2CA469-95F2-4B62-827F-40C81D8BC66D}"
EndProject
Project("{FAE04EC0-301F-11D3-BF4B-00C04F79EFBC}") = "TimeConversion", "TimeConversion\TimeConversion.csproj", "{402D97DC-F8FC-4456-81BF-E7BA3F5FEE5E}"
EndProject
Project("{FAE04EC0-301F-11D3-BF4B-00C04F79EFBC}") = "FizzBuzz", "FizzBuzz\FizzBuzz.csproj", "{ADEFEDE9-3CE2-4CEE-8D28-704045BDF75C}"
EndProject
Project("{FAE04EC0-301F-11D3-BF4B-00C04F79EFBC}") = "FindTheMedian", "FindTheMedian\FindTheMedian.csproj", "{D8FDEBF0-B542-4B11-B26F-625B02E018CC}"
EndProject
Project("{FAE04EC0-301F-11D3-BF4B-00C04F79EFBC}") = "NewYearChaos", "NewYearChaos\NewYearChaos.csproj", "{23F440EA-8AF7-4BB8-ACA2-E34A81235B02}"
EndProject
Project("{FAE04EC0-301F-11D3-BF4B-00C04F79EFBC}") = "LonelyInteger", "LonelyInteger\LonelyInteger.csproj", "{B4754912-C0C9-4D68-842B-8E21C16D757B}"
EndProject
Project("{FAE04EC0-301F-11D3-BF4B-00C04F79EFBC}") = "DiagonalDifference", "DiagonalDifference\DiagonalDifference.csproj", "{26AC66AC-4727-4834-8B3C-4095E332995C}"
EndProject
Project("{FAE04EC0-301F-11D3-BF4B-00C04F79EFBC}") = "CountingSort1", "CountingSort1\CountingSort1.csproj", "{499170FC-A539-4AA3-B5F3-FA47526E1728}"
EndProject
Project("{FAE04EC0-301F-11D3-BF4B-00C04F79EFBC}") = "FlippingTheMatrix", "FlippingTheMatrix\FlippingTheMatrix.csproj", "{FF6937F2-77A5-4738-9B68-B9D1E1003B2A}"
EndProject
Project("{FAE04EC0-301F-11D3-BF4B-00C04F79EFBC}") = "ZigZagSequence", "ZigZagSequence\ZigZagSequence.csproj", "{80DE253E-3347-4A5A-B827-8D859F991B9F}"
EndProject
Project("{FAE04EC0-301F-11D3-BF4B-00C04F79EFBC}") = "TowerBreakers", "TowerBreakers\TowerBreakers.csproj", "{13EAB426-821C-4766-ABD6-81C34826E784}"
EndProject
Project("{FAE04EC0-301F-11D3-BF4B-00C04F79EFBC}") = "CaesarCipher", "CaesarCipher\CaesarCipher.csproj", "{B042136C-EA18-48D9-A5ED-B18D86CB4DCE}"
EndProject
Project("{FAE04EC0-301F-11D3-BF4B-00C04F79EFBC}") = "PalindromeIndex", "PalindromeIndex\PalindromeIndex.csproj", "{A0F46986-CBDB-41D6-A8D5-ABD03BEDBED5}"
EndProject
Project("{FAE04EC0-301F-11D3-BF4B-00C04F79EFBC}") = "GridChallenge", "GridChallenge\GridChallenge.csproj", "{FED9C25C-61E7-479A-AB7B-8056FADC623A}"
EndProject
Global
	GlobalSection(SolutionConfigurationPlatforms) = preSolution
		Debug|Any CPU = Debug|Any CPU
		Release|Any CPU = Release|Any CPU
	EndGlobalSection
	GlobalSection(ProjectConfigurationPlatforms) = postSolution
		{068058C6-CFC6-4F16-AD4F-646DBB1BCC72}.Debug|Any CPU.ActiveCfg = Debug|Any CPU
		{068058C6-CFC6-4F16-AD4F-646DBB1BCC72}.Debug|Any CPU.Build.0 = Debug|Any CPU
		{068058C6-CFC6-4F16-AD4F-646DBB1BCC72}.Release|Any CPU.ActiveCfg = Release|Any CPU
		{068058C6-CFC6-4F16-AD4F-646DBB1BCC72}.Release|Any CPU.Build.0 = Release|Any CPU
		{3B2CA469-95F2-4B62-827F-40C81D8BC66D}.Debug|Any CPU.ActiveCfg = Debug|Any CPU
		{3B2CA469-95F2-4B62-827F-40C81D8BC66D}.Debug|Any CPU.Build.0 = Debug|Any CPU
		{3B2CA469-95F2-4B62-827F-40C81D8BC66D}.Release|Any CPU.ActiveCfg = Release|Any CPU
		{3B2CA469-95F2-4B62-827F-40C81D8BC66D}.Release|Any CPU.Build.0 = Release|Any CPU
		{402D97DC-F8FC-4456-81BF-E7BA3F5FEE5E}.Debug|Any CPU.ActiveCfg = Debug|Any CPU
		{402D97DC-F8FC-4456-81BF-E7BA3F5FEE5E}.Debug|Any CPU.Build.0 = Debug|Any CPU
		{402D97DC-F8FC-4456-81BF-E7BA3F5FEE5E}.Release|Any CPU.ActiveCfg = Release|Any CPU
		{402D97DC-F8FC-4456-81BF-E7BA3F5FEE5E}.Release|Any CPU.Build.0 = Release|Any CPU
		{ADEFEDE9-3CE2-4CEE-8D28-704045BDF75C}.Debug|Any CPU.ActiveCfg = Debug|Any CPU
		{ADEFEDE9-3CE2-4CEE-8D28-704045BDF75C}.Debug|Any CPU.Build.0 = Debug|Any CPU
		{ADEFEDE9-3CE2-4CEE-8D28-704045BDF75C}.Release|Any CPU.ActiveCfg = Release|Any CPU
		{ADEFEDE9-3CE2-4CEE-8D28-704045BDF75C}.Release|Any CPU.Build.0 = Release|Any CPU
		{D8FDEBF0-B542-4B11-B26F-625B02E018CC}.Debug|Any CPU.ActiveCfg = Debug|Any CPU
		{D8FDEBF0-B542-4B11-B26F-625B02E018CC}.Debug|Any CPU.Build.0 = Debug|Any CPU
		{D8FDEBF0-B542-4B11-B26F-625B02E018CC}.Release|Any CPU.ActiveCfg = Release|Any CPU
		{D8FDEBF0-B542-4B11-B26F-625B02E018CC}.Release|Any CPU.Build.0 = Release|Any CPU
		{23F440EA-8AF7-4BB8-ACA2-E34A81235B02}.Debug|Any CPU.ActiveCfg = Debug|Any CPU
		{23F440EA-8AF7-4BB8-ACA2-E34A81235B02}.Debug|Any CPU.Build.0 = Debug|Any CPU
		{23F440EA-8AF7-4BB8-ACA2-E34A81235B02}.Release|Any CPU.ActiveCfg = Release|Any CPU
		{23F440EA-8AF7-4BB8-ACA2-E34A81235B02}.Release|Any CPU.Build.0 = Release|Any CPU
		{B4754912-C0C9-4D68-842B-8E21C16D757B}.Debug|Any CPU.ActiveCfg = Debug|Any CPU
		{B4754912-C0C9-4D68-842B-8E21C16D757B}.Debug|Any CPU.Build.0 = Debug|Any CPU
		{B4754912-C0C9-4D68-842B-8E21C16D757B}.Release|Any CPU.ActiveCfg = Release|Any CPU
		{B4754912-C0C9-4D68-842B-8E21C16D757B}.Release|Any CPU.Build.0 = Release|Any CPU
		{26AC66AC-4727-4834-8B3C-4095E332995C}.Debug|Any CPU.ActiveCfg = Debug|Any CPU
		{26AC66AC-4727-4834-8B3C-4095E332995C}.Debug|Any CPU.Build.0 = Debug|Any CPU
		{26AC66AC-4727-4834-8B3C-4095E332995C}.Release|Any CPU.ActiveCfg = Release|Any CPU
		{26AC66AC-4727-4834-8B3C-4095E332995C}.Release|Any CPU.Build.0 = Release|Any CPU
		{499170FC-A539-4AA3-B5F3-FA47526E1728}.Debug|Any CPU.ActiveCfg = Debug|Any CPU
		{499170FC-A539-4AA3-B5F3-FA47526E1728}.Debug|Any CPU.Build.0 = Debug|Any CPU
		{499170FC-A539-4AA3-B5F3-FA47526E1728}.Release|Any CPU.ActiveCfg = Release|Any CPU
		{499170FC-A539-4AA3-B5F3-FA47526E1728}.Release|Any CPU.Build.0 = Release|Any CPU
		{FF6937F2-77A5-4738-9B68-B9D1E1003B2A}.Debug|Any CPU.ActiveCfg = Debug|Any CPU
		{FF6937F2-77A5-4738-9B68-B9D1E1003B2A}.Debug|Any CPU.Build.0 = Debug|Any CPU
		{FF6937F2-77A5-4738-9B68-B9D1E1003B2A}.Release|Any CPU.ActiveCfg = Release|Any CPU
		{FF6937F2-77A5-4738-9B68-B9D1E1003B2A}.Release|Any CPU.Build.0 = Release|Any CPU
		{80DE253E-3347-4A5A-B827-8D859F991B9F}.Debug|Any CPU.ActiveCfg = Debug|Any CPU
		{80DE253E-3347-4A5A-B827-8D859F991B9F}.Debug|Any CPU.Build.0 = Debug|Any CPU
		{80DE253E-3347-4A5A-B827-8D859F991B9F}.Release|Any CPU.ActiveCfg = Release|Any CPU
		{80DE253E-3347-4A5A-B827-8D859F991B9F}.Release|Any CPU.Build.0 = Release|Any CPU
		{13EAB426-821C-4766-ABD6-81C34826E784}.Debug|Any CPU.ActiveCfg = Debug|Any CPU
		{13EAB426-821C-4766-ABD6-81C34826E784}.Debug|Any CPU.Build.0 = Debug|Any CPU
		{13EAB426-821C-4766-ABD6-81C34826E784}.Release|Any CPU.ActiveCfg = Release|Any CPU
		{13EAB426-821C-4766-ABD6-81C34826E784}.Release|Any CPU.Build.0 = Release|Any CPU
		{B042136C-EA18-48D9-A5ED-B18D86CB4DCE}.Debug|Any CPU.ActiveCfg = Debug|Any CPU
		{B042136C-EA18-48D9-A5ED-B18D86CB4DCE}.Debug|Any CPU.Build.0 = Debug|Any CPU
		{B042136C-EA18-48D9-A5ED-B18D86CB4DCE}.Release|Any CPU.ActiveCfg = Release|Any CPU
		{B042136C-EA18-48D9-A5ED-B18D86CB4DCE}.Release|Any CPU.Build.0 = Release|Any CPU
		{A0F46986-CBDB-41D6-A8D5-ABD03BEDBED5}.Debug|Any CPU.ActiveCfg = Debug|Any CPU
		{A0F46986-CBDB-41D6-A8D5-ABD03BEDBED5}.Debug|Any CPU.Build.0 = Debug|Any CPU
		{A0F46986-CBDB-41D6-A8D5-ABD03BEDBED5}.Release|Any CPU.ActiveCfg = Release|Any CPU
		{A0F46986-CBDB-41D6-A8D5-ABD03BEDBED5}.Release|Any CPU.Build.0 = Release|Any CPU
		{FED9C25C-61E7-479A-AB7B-8056FADC623A}.Debug|Any CPU.ActiveCfg = Debug|Any CPU
		{FED9C25C-61E7-479A-AB7B-8056FADC623A}.Debug|Any CPU.Build.0 = Debug|Any CPU
		{FED9C25C-61E7-479A-AB7B-8056FADC623A}.Release|Any CPU.ActiveCfg = Release|Any CPU
		{FED9C25C-61E7-479A-AB7B-8056FADC623A}.Release|Any CPU.Build.0 = Release|Any CPU
	EndGlobalSection
	GlobalSection(SolutionProperties) = preSolution
		HideSolutionNode = FALSE
	EndGlobalSection
	GlobalSection(ExtensibilityGlobals) = postSolution
		SolutionGuid = {1DF28480-F090-4F35-AC25-F3C15B7342A8}
	EndGlobalSection
EndGlobal
