
Microsoft Visual Studio Solution File, Format Version 12.00
# Visual Studio Version 17
VisualStudioVersion = 17.6.33801.468
MinimumVisualStudioVersion = 10.0.40219.1
Project("{9A19103F-16F7-4668-BE54-9A1E7A4F7556}") = "PlusMinus", "PlusMinus\PlusMinus.csproj", "{068058C6-CFC6-4F16-AD4F-646DBB1BCC72}"
EndProject
Project("{FAE04EC0-301F-11D3-BF4B-00C04F79EFBC}") = "MiniMaxSum", "MiniMaxSum\MiniMaxSum.csproj", "{3B2CA469-95F2-4B62-827F-40C81D8BC66D}"
EndProject
Project("{FAE04EC0-301F-11D3-BF4B-00C04F79EFBC}") = "TimeConversion", "TimeConversion\TimeConversion.csproj", "{402D97DC-F8FC-4456-81BF-E7BA3F5FEE5E}"
EndProject
Project("{FAE04EC0-301F-11D3-BF4B-00C04F79EFBC}") = "FizzBuzz", "FizzBuzz\FizzBuzz.csproj", "{ADEFEDE9-3CE2-4CEE-8D28-704045BDF75C}"
EndProject
Project("{FAE04EC0-301F-11D3-BF4B-00C04F79EFBC}") = "FindTheMedian", "FindTheMedian\FindTheMedian.csproj", "{D8FDEBF0-B542-4B11-B26F-625B02E018CC}"
EndProject
Project("{FAE04EC0-301F-11D3-BF4B-00C04F79EFBC}") = "NewYearChaos", "NewYearChaos\NewYearChaos.csproj", "{23F440EA-8AF7-4BB8-ACA2-E34A81235B02}"
EndProject
Global
	GlobalSection(SolutionConfigurationPlatforms) = preSolution
		Debug|Any CPU = Debug|Any CPU
		Release|Any CPU = Release|Any CPU
	EndGlobalSection
	GlobalSection(ProjectConfigurationPlatforms) = postSolution
		{068058C6-CFC6-4F16-AD4F-646DBB1BCC72}.Debug|Any CPU.ActiveCfg = Debug|Any CPU
		{068058C6-CFC6-4F16-AD4F-646DBB1BCC72}.Debug|Any CPU.Build.0 = Debug|Any CPU
		{068058C6-CFC6-4F16-AD4F-646DBB1BCC72}.Release|Any CPU.ActiveCfg = Release|Any CPU
		{068058C6-CFC6-4F16-AD4F-646DBB1BCC72}.Release|Any CPU.Build.0 = Release|Any CPU
		{3B2CA469-95F2-4B62-827F-40C81D8BC66D}.Debug|Any CPU.ActiveCfg = Debug|Any CPU
		{3B2CA469-95F2-4B62-827F-40C81D8BC66D}.Debug|Any CPU.Build.0 = Debug|Any CPU
		{3B2CA469-95F2-4B62-827F-40C81D8BC66D}.Release|Any CPU.ActiveCfg = Release|Any CPU
		{3B2CA469-95F2-4B62-827F-40C81D8BC66D}.Release|Any CPU.Build.0 = Release|Any CPU
		{402D97DC-F8FC-4456-81BF-E7BA3F5FEE5E}.Debug|Any CPU.ActiveCfg = Debug|Any CPU
		{402D97DC-F8FC-4456-81BF-E7BA3F5FEE5E}.Debug|Any CPU.Build.0 = Debug|Any CPU
		{402D97DC-F8FC-4456-81BF-E7BA3F5FEE5E}.Release|Any CPU.ActiveCfg = Release|Any CPU
		{402D97DC-F8FC-4456-81BF-E7BA3F5FEE5E}.Release|Any CPU.Build.0 = Release|Any CPU
		{ADEFEDE9-3CE2-4CEE-8D28-704045BDF75C}.Debug|Any CPU.ActiveCfg = Debug|Any CPU
		{ADEFEDE9-3CE2-4CEE-8D28-704045BDF75C}.Debug|Any CPU.Build.0 = Debug|Any CPU
		{ADEFEDE9-3CE2-4CEE-8D28-704045BDF75C}.Release|Any CPU.ActiveCfg = Release|Any CPU
		{ADEFEDE9-3CE2-4CEE-8D28-704045BDF75C}.Release|Any CPU.Build.0 = Release|Any CPU
		{D8FDEBF0-B542-4B11-B26F-625B02E018CC}.Debug|Any CPU.ActiveCfg = Debug|Any CPU
		{D8FDEBF0-B542-4B11-B26F-625B02E018CC}.Debug|Any CPU.Build.0 = Debug|Any CPU
		{D8FDEBF0-B542-4B11-B26F-625B02E018CC}.Release|Any CPU.ActiveCfg = Release|Any CPU
		{D8FDEBF0-B542-4B11-B26F-625B02E018CC}.Release|Any CPU.Build.0 = Release|Any CPU
		{23F440EA-8AF7-4BB8-ACA2-E34A81235B02}.Debug|Any CPU.ActiveCfg = Debug|Any CPU
		{23F440EA-8AF7-4BB8-ACA2-E34A81235B02}.Debug|Any CPU.Build.0 = Debug|Any CPU
		{23F440EA-8AF7-4BB8-ACA2-E34A81235B02}.Release|Any CPU.ActiveCfg = Release|Any CPU
		{23F440EA-8AF7-4BB8-ACA2-E34A81235B02}.Release|Any CPU.Build.0 = Release|Any CPU
	EndGlobalSection
	GlobalSection(SolutionProperties) = preSolution
		HideSolutionNode = FALSE
	EndGlobalSection
	GlobalSection(ExtensibilityGlobals) = postSolution
		SolutionGuid = {1DF28480-F090-4F35-AC25-F3C15B7342A8}
	EndGlobalSection
EndGlobal
